
Microsoft Visual Studio Solution File, Format Version 12.00
# Visual Studio Version 17
VisualStudioVersion = 17.8.34511.84
MinimumVisualStudioVersion = 10.0.40219.1
Project("{9A19103F-16F7-4668-BE54-9A1E7A4F7556}") = "ApiGateway", "ApiGateway.csproj", "{F99E3E54-06A6-4C66-B035-6141AD74D81C}"
EndProject
Global
	GlobalSection(SolutionConfigurationPlatforms) = preSolution
		Debug|Any CPU = Debug|Any CPU
		Release|Any CPU = Release|Any CPU
	EndGlobalSection
	GlobalSection(ProjectConfigurationPlatforms) = postSolution
		{F99E3E54-06A6-4C66-B035-6141AD74D81C}.Debug|Any CPU.ActiveCfg = Debug|Any CPU
		{F99E3E54-06A6-4C66-B035-6141AD74D81C}.Debug|Any CPU.Build.0 = Debug|Any CPU
		{F99E3E54-06A6-4C66-B035-6141AD74D81C}.Release|Any CPU.ActiveCfg = Release|Any CPU
		{F99E3E54-06A6-4C66-B035-6141AD74D81C}.Release|Any CPU.Build.0 = Release|Any CPU
	EndGlobalSection
	GlobalSection(SolutionProperties) = preSolution
		HideSolutionNode = FALSE
	EndGlobalSection
	GlobalSection(ExtensibilityGlobals) = postSolution
		SolutionGuid = {87877417-4FE9-495E-A296-C8B06935D710}
	EndGlobalSection
EndGlobal
